
Microsoft Visual Studio Solution File, Format Version 12.00
# Visual Studio Version 17
VisualStudioVersion = 17.14.36408.4
MinimumVisualStudioVersion = 10.0.40219.1
Project("{FAE04EC0-301F-11D3-BF4B-00C04F79EFBC}") = "AnotadorGymAppApi", "AnotadorGymAppApi.csproj", "{2B45E4A5-C85B-42C3-9EC6-C92550F87F18}"
EndProject
Project("{FAE04EC0-301F-11D3-BF4B-00C04F79EFBC}") = "TokenGenerator", "..\TokenGenerator\TokenGenerator.csproj", "{3CA34912-7768-40B8-B51C-06C5F0086230}"
EndProject
Global
	GlobalSection(SolutionConfigurationPlatforms) = preSolution
		Debug|Any CPU = Debug|Any CPU
		Release|Any CPU = Release|Any CPU
	EndGlobalSection
	GlobalSection(ProjectConfigurationPlatforms) = postSolution
		{2B45E4A5-C85B-42C3-9EC6-C92550F87F18}.Debug|Any CPU.ActiveCfg = Debug|Any CPU
		{2B45E4A5-C85B-42C3-9EC6-C92550F87F18}.Debug|Any CPU.Build.0 = Debug|Any CPU
		{2B45E4A5-C85B-42C3-9EC6-C92550F87F18}.Release|Any CPU.ActiveCfg = Release|Any CPU
		{2B45E4A5-C85B-42C3-9EC6-C92550F87F18}.Release|Any CPU.Build.0 = Release|Any CPU
		{3CA34912-7768-40B8-B51C-06C5F0086230}.Debug|Any CPU.ActiveCfg = Debug|Any CPU
		{3CA34912-7768-40B8-B51C-06C5F0086230}.Debug|Any CPU.Build.0 = Debug|Any CPU
		{3CA34912-7768-40B8-B51C-06C5F0086230}.Release|Any CPU.ActiveCfg = Release|Any CPU
		{3CA34912-7768-40B8-B51C-06C5F0086230}.Release|Any CPU.Build.0 = Release|Any CPU
	EndGlobalSection
	GlobalSection(SolutionProperties) = preSolution
		HideSolutionNode = FALSE
	EndGlobalSection
	GlobalSection(ExtensibilityGlobals) = postSolution
		SolutionGuid = {4907D75D-A46F-4B9D-B2F9-A52314207D07}
	EndGlobalSection
EndGlobal
